// !$*UTF8*$!
{
	archiveVersion = 1;
	classes = {
	};
	objectVersion = 56;
	objects = {

/* Begin PBXBuildFile section */
		028FA3762AFF2A87009CDA1D /* FashionApp.swift in Sources */ = {isa = PBXBuildFile; fileRef = 028FA3752AFF2A87009CDA1D /* FashionApp.swift */; };
		028FA3782AFF2A87009CDA1D /* ContentView.swift in Sources */ = {isa = PBXBuildFile; fileRef = 028FA3772AFF2A87009CDA1D /* ContentView.swift */; };
		028FA37A2AFF2A87009CDA1D /* Item.swift in Sources */ = {isa = PBXBuildFile; fileRef = 028FA3792AFF2A87009CDA1D /* Item.swift */; };
		028FA37C2AFF2A88009CDA1D /* Assets.xcassets in Resources */ = {isa = PBXBuildFile; fileRef = 028FA37B2AFF2A88009CDA1D /* Assets.xcassets */; };
		028FA37F2AFF2A88009CDA1D /* Preview Assets.xcassets in Resources */ = {isa = PBXBuildFile; fileRef = 028FA37E2AFF2A88009CDA1D /* Preview Assets.xcassets */; };
		028FA3892AFF2A89009CDA1D /* FashionTests.swift in Sources */ = {isa = PBXBuildFile; fileRef = 028FA3882AFF2A89009CDA1D /* FashionTests.swift */; };
		028FA3932AFF2A89009CDA1D /* FashionUITests.swift in Sources */ = {isa = PBXBuildFile; fileRef = 028FA3922AFF2A89009CDA1D /* FashionUITests.swift */; };
		028FA3952AFF2A89009CDA1D /* FashionUITestsLaunchTests.swift in Sources */ = {isa = PBXBuildFile; fileRef = 028FA3942AFF2A89009CDA1D /* FashionUITestsLaunchTests.swift */; };
/* End PBXBuildFile section */

/* Begin PBXContainerItemProxy section */
		028FA3852AFF2A89009CDA1D /* PBXContainerItemProxy */ = {
			isa = PBXContainerItemProxy;
			containerPortal = 028FA36A2AFF2A87009CDA1D /* Project object */;
			proxyType = 1;
			remoteGlobalIDString = 028FA3712AFF2A87009CDA1D;
			remoteInfo = Fashion;
		};
		028FA38F2AFF2A89009CDA1D /* PBXContainerItemProxy */ = {
			isa = PBXContainerItemProxy;
			containerPortal = 028FA36A2AFF2A87009CDA1D /* Project object */;
			proxyType = 1;
			remoteGlobalIDString = 028FA3712AFF2A87009CDA1D;
			remoteInfo = Fashion;
		};
/* End PBXContainerItemProxy section */

/* Begin PBXFileReference section */
		028FA3722AFF2A87009CDA1D /* Fashion.app */ = {isa = PBXFileReference; explicitFileType = wrapper.application; includeInIndex = 0; path = Fashion.app; sourceTree = BUILT_PRODUCTS_DIR; };
		028FA3752AFF2A87009CDA1D /* FashionApp.swift */ = {isa = PBXFileReference; lastKnownFileType = sourcecode.swift; path = FashionApp.swift; sourceTree = "<group>"; };
		028FA3772AFF2A87009CDA1D /* ContentView.swift */ = {isa = PBXFileReference; lastKnownFileType = sourcecode.swift; path = ContentView.swift; sourceTree = "<group>"; };
		028FA3792AFF2A87009CDA1D /* Item.swift */ = {isa = PBXFileReference; lastKnownFileType = sourcecode.swift; path = Item.swift; sourceTree = "<group>"; };
		028FA37B2AFF2A88009CDA1D /* Assets.xcassets */ = {isa = PBXFileReference; lastKnownFileType = folder.assetcatalog; path = Assets.xcassets; sourceTree = "<group>"; };
		028FA37E2AFF2A88009CDA1D /* Preview Assets.xcassets */ = {isa = PBXFileReference; lastKnownFileType = folder.assetcatalog; path = "Preview Assets.xcassets"; sourceTree = "<group>"; };
		028FA3842AFF2A89009CDA1D /* FashionTests.xctest */ = {isa = PBXFileReference; explicitFileType = wrapper.cfbundle; includeInIndex = 0; path = FashionTests.xctest; sourceTree = BUILT_PRODUCTS_DIR; };
		028FA3882AFF2A89009CDA1D /* FashionTests.swift */ = {isa = PBXFileReference; lastKnownFileType = sourcecode.swift; path = FashionTests.swift; sourceTree = "<group>"; };
		028FA38E2AFF2A89009CDA1D /* FashionUITests.xctest */ = {isa = PBXFileReference; explicitFileType = wrapper.cfbundle; includeInIndex = 0; path = FashionUITests.xctest; sourceTree = BUILT_PRODUCTS_DIR; };
		028FA3922AFF2A89009CDA1D /* FashionUITests.swift */ = {isa = PBXFileReference; lastKnownFileType = sourcecode.swift; path = FashionUITests.swift; sourceTree = "<group>"; };
		028FA3942AFF2A89009CDA1D /* FashionUITestsLaunchTests.swift */ = {isa = PBXFileReference; lastKnownFileType = sourcecode.swift; path = FashionUITestsLaunchTests.swift; sourceTree = "<group>"; };
/* End PBXFileReference section */

/* Begin PBXFrameworksBuildPhase section */
		028FA36F2AFF2A87009CDA1D /* Frameworks */ = {
			isa = PBXFrameworksBuildPhase;
			buildActionMask = 2147483647;
			files = (
			);
			runOnlyForDeploymentPostprocessing = 0;
		};
		028FA3812AFF2A89009CDA1D /* Frameworks */ = {
			isa = PBXFrameworksBuildPhase;
			buildActionMask = 2147483647;
			files = (
			);
			runOnlyForDeploymentPostprocessing = 0;
		};
		028FA38B2AFF2A89009CDA1D /* Frameworks */ = {
			isa = PBXFrameworksBuildPhase;
			buildActionMask = 2147483647;
			files = (
			);
			runOnlyForDeploymentPostprocessing = 0;
		};
/* End PBXFrameworksBuildPhase section */

/* Begin PBXGroup section */
		028FA3692AFF2A87009CDA1D = {
			isa = PBXGroup;
			children = (
				028FA3742AFF2A87009CDA1D /* Fashion */,
				028FA3872AFF2A89009CDA1D /* FashionTests */,
				028FA3912AFF2A89009CDA1D /* FashionUITests */,
				028FA3732AFF2A87009CDA1D /* Products */,
			);
			sourceTree = "<group>";
		};
		028FA3732AFF2A87009CDA1D /* Products */ = {
			isa = PBXGroup;
			children = (
				028FA3722AFF2A87009CDA1D /* Fashion.app */,
				028FA3842AFF2A89009CDA1D /* FashionTests.xctest */,
				028FA38E2AFF2A89009CDA1D /* FashionUITests.xctest */,
			);
			name = Products;
			sourceTree = "<group>";
		};
		028FA3742AFF2A87009CDA1D /* Fashion */ = {
			isa = PBXGroup;
			children = (
				028FA3752AFF2A87009CDA1D /* FashionApp.swift */,
				028FA3772AFF2A87009CDA1D /* ContentView.swift */,
				028FA3792AFF2A87009CDA1D /* Item.swift */,
				028FA37B2AFF2A88009CDA1D /* Assets.xcassets */,
				028FA37D2AFF2A88009CDA1D /* Preview Content */,
			);
			path = Fashion;
			sourceTree = "<group>";
		};
		028FA37D2AFF2A88009CDA1D /* Preview Content */ = {
			isa = PBXGroup;
			children = (
				028FA37E2AFF2A88009CDA1D /* Preview Assets.xcassets */,
			);
			path = "Preview Content";
			sourceTree = "<group>";
		};
		028FA3872AFF2A89009CDA1D /* FashionTests */ = {
			isa = PBXGroup;
			children = (
				028FA3882AFF2A89009CDA1D /* FashionTests.swift */,
			);
			path = FashionTests;
			sourceTree = "<group>";
		};
		028FA3912AFF2A89009CDA1D /* FashionUITests */ = {
			isa = PBXGroup;
			children = (
				028FA3922AFF2A89009CDA1D /* FashionUITests.swift */,
				028FA3942AFF2A89009CDA1D /* FashionUITestsLaunchTests.swift */,
			);
			path = FashionUITests;
			sourceTree = "<group>";
		};
/* End PBXGroup section */

/* Begin PBXNativeTarget section */
		028FA3712AFF2A87009CDA1D /* Fashion */ = {
			isa = PBXNativeTarget;
			buildConfigurationList = 028FA3982AFF2A89009CDA1D /* Build configuration list for PBXNativeTarget "Fashion" */;
			buildPhases = (
				028FA36E2AFF2A87009CDA1D /* Sources */,
				028FA36F2AFF2A87009CDA1D /* Frameworks */,
				028FA3702AFF2A87009CDA1D /* Resources */,
			);
			buildRules = (
			);
			dependencies = (
			);
			name = Fashion;
			productName = Fashion;
			productReference = 028FA3722AFF2A87009CDA1D /* Fashion.app */;
			productType = "com.apple.product-type.application";
		};
		028FA3832AFF2A89009CDA1D /* FashionTests */ = {
			isa = PBXNativeTarget;
			buildConfigurationList = 028FA39B2AFF2A89009CDA1D /* Build configuration list for PBXNativeTarget "FashionTests" */;
			buildPhases = (
				028FA3802AFF2A89009CDA1D /* Sources */,
				028FA3812AFF2A89009CDA1D /* Frameworks */,
				028FA3822AFF2A89009CDA1D /* Resources */,
			);
			buildRules = (
			);
			dependencies = (
				028FA3862AFF2A89009CDA1D /* PBXTargetDependency */,
			);
			name = FashionTests;
			productName = FashionTests;
			productReference = 028FA3842AFF2A89009CDA1D /* FashionTests.xctest */;
			productType = "com.apple.product-type.bundle.unit-test";
		};
		028FA38D2AFF2A89009CDA1D /* FashionUITests */ = {
			isa = PBXNativeTarget;
			buildConfigurationList = 028FA39E2AFF2A89009CDA1D /* Build configuration list for PBXNativeTarget "FashionUITests" */;
			buildPhases = (
				028FA38A2AFF2A89009CDA1D /* Sources */,
				028FA38B2AFF2A89009CDA1D /* Frameworks */,
				028FA38C2AFF2A89009CDA1D /* Resources */,
			);
			buildRules = (
			);
			dependencies = (
				028FA3902AFF2A89009CDA1D /* PBXTargetDependency */,
			);
			name = FashionUITests;
			productName = FashionUITests;
			productReference = 028FA38E2AFF2A89009CDA1D /* FashionUITests.xctest */;
			productType = "com.apple.product-type.bundle.ui-testing";
		};
/* End PBXNativeTarget section */

/* Begin PBXProject section */
		028FA36A2AFF2A87009CDA1D /* Project object */ = {
			isa = PBXProject;
			attributes = {
				BuildIndependentTargetsInParallel = 1;
				LastSwiftUpdateCheck = 1500;
				LastUpgradeCheck = 1500;
				TargetAttributes = {
					028FA3712AFF2A87009CDA1D = {
						CreatedOnToolsVersion = 15.0.1;
					};
					028FA3832AFF2A89009CDA1D = {
						CreatedOnToolsVersion = 15.0.1;
						TestTargetID = 028FA3712AFF2A87009CDA1D;
					};
					028FA38D2AFF2A89009CDA1D = {
						CreatedOnToolsVersion = 15.0.1;
						TestTargetID = 028FA3712AFF2A87009CDA1D;
					};
				};
			};
			buildConfigurationList = 028FA36D2AFF2A87009CDA1D /* Build configuration list for PBXProject "Fashion" */;
			compatibilityVersion = "Xcode 14.0";
			developmentRegion = en;
			hasScannedForEncodings = 0;
			knownRegions = (
				en,
				Base,
			);
			mainGroup = 028FA3692AFF2A87009CDA1D;
			productRefGroup = 028FA3732AFF2A87009CDA1D /* Products */;
			projectDirPath = "";
			projectRoot = "";
			targets = (
				028FA3712AFF2A87009CDA1D /* Fashion */,
				028FA3832AFF2A89009CDA1D /* FashionTests */,
				028FA38D2AFF2A89009CDA1D /* FashionUITests */,
			);
		};
/* End PBXProject section */

/* Begin PBXResourcesBuildPhase section */
		028FA3702AFF2A87009CDA1D /* Resources */ = {
			isa = PBXResourcesBuildPhase;
			buildActionMask = 2147483647;
			files = (
				028FA37F2AFF2A88009CDA1D /* Preview Assets.xcassets in Resources */,
				028FA37C2AFF2A88009CDA1D /* Assets.xcassets in Resources */,
			);
			runOnlyForDeploymentPostprocessing = 0;
		};
		028FA3822AFF2A89009CDA1D /* Resources */ = {
			isa = PBXResourcesBuildPhase;
			buildActionMask = 2147483647;
			files = (
			);
			runOnlyForDeploymentPostprocessing = 0;
		};
		028FA38C2AFF2A89009CDA1D /* Resources */ = {
			isa = PBXResourcesBuildPhase;
			buildActionMask = 2147483647;
			files = (
			);
			runOnlyForDeploymentPostprocessing = 0;
		};
/* End PBXResourcesBuildPhase section */

/* Begin PBXSourcesBuildPhase section */
		028FA36E2AFF2A87009CDA1D /* Sources */ = {
			isa = PBXSourcesBuildPhase;
			buildActionMask = 2147483647;
			files = (
				028FA3782AFF2A87009CDA1D /* ContentView.swift in Sources */,
				028FA37A2AFF2A87009CDA1D /* Item.swift in Sources */,
				028FA3762AFF2A87009CDA1D /* FashionApp.swift in Sources */,
			);
			runOnlyForDeploymentPostprocessing = 0;
		};
		028FA3802AFF2A89009CDA1D /* Sources */ = {
			isa = PBXSourcesBuildPhase;
			buildActionMask = 2147483647;
			files = (
				028FA3892AFF2A89009CDA1D /* FashionTests.swift in Sources */,
			);
			runOnlyForDeploymentPostprocessing = 0;
		};
		028FA38A2AFF2A89009CDA1D /* Sources */ = {
			isa = PBXSourcesBuildPhase;
			buildActionMask = 2147483647;
			files = (
				028FA3932AFF2A89009CDA1D /* FashionUITests.swift in Sources */,
				028FA3952AFF2A89009CDA1D /* FashionUITestsLaunchTests.swift in Sources */,
			);
			runOnlyForDeploymentPostprocessing = 0;
		};
/* End PBXSourcesBuildPhase section */

/* Begin PBXTargetDependency section */
		028FA3862AFF2A89009CDA1D /* PBXTargetDependency */ = {
			isa = PBXTargetDependency;
			target = 028FA3712AFF2A87009CDA1D /* Fashion */;
			targetProxy = 028FA3852AFF2A89009CDA1D /* PBXContainerItemProxy */;
		};
		028FA3902AFF2A89009CDA1D /* PBXTargetDependency */ = {
			isa = PBXTargetDependency;
			target = 028FA3712AFF2A87009CDA1D /* Fashion */;
			targetProxy = 028FA38F2AFF2A89009CDA1D /* PBXContainerItemProxy */;
		};
/* End PBXTargetDependency section */

/* Begin XCBuildConfiguration section */
		028FA3962AFF2A89009CDA1D /* Debug */ = {
			isa = XCBuildConfiguration;
			buildSettings = {
				ALWAYS_SEARCH_USER_PATHS = NO;
				ASSETCATALOG_COMPILER_GENERATE_SWIFT_ASSET_SYMBOL_EXTENSIONS = YES;
				CLANG_ANALYZER_NONNULL = YES;
				CLANG_ANALYZER_NUMBER_OBJECT_CONVERSION = YES_AGGRESSIVE;
				CLANG_CXX_LANGUAGE_STANDARD = "gnu++20";
				CLANG_ENABLE_MODULES = YES;
				CLANG_ENABLE_OBJC_ARC = YES;
				CLANG_ENABLE_OBJC_WEAK = YES;
				CLANG_WARN_BLOCK_CAPTURE_AUTORELEASING = YES;
				CLANG_WARN_BOOL_CONVERSION = YES;
				CLANG_WARN_COMMA = YES;
				CLANG_WARN_CONSTANT_CONVERSION = YES;
				CLANG_WARN_DEPRECATED_OBJC_IMPLEMENTATIONS = YES;
				CLANG_WARN_DIRECT_OBJC_ISA_USAGE = YES_ERROR;
				CLANG_WARN_DOCUMENTATION_COMMENTS = YES;
				CLANG_WARN_EMPTY_BODY = YES;
				CLANG_WARN_ENUM_CONVERSION = YES;
				CLANG_WARN_INFINITE_RECURSION = YES;
				CLANG_WARN_INT_CONVERSION = YES;
				CLANG_WARN_NON_LITERAL_NULL_CONVERSION = YES;
				CLANG_WARN_OBJC_IMPLICIT_RETAIN_SELF = YES;
				CLANG_WARN_OBJC_LITERAL_CONVERSION = YES;
				CLANG_WARN_OBJC_ROOT_CLASS = YES_ERROR;
				CLANG_WARN_QUOTED_INCLUDE_IN_FRAMEWORK_HEADER = YES;
				CLANG_WARN_RANGE_LOOP_ANALYSIS = YES;
				CLANG_WARN_STRICT_PROTOTYPES = YES;
				CLANG_WARN_SUSPICIOUS_MOVE = YES;
				CLANG_WARN_UNGUARDED_AVAILABILITY = YES_AGGRESSIVE;
				CLANG_WARN_UNREACHABLE_CODE = YES;
				CLANG_WARN__DUPLICATE_METHOD_MATCH = YES;
				COPY_PHASE_STRIP = NO;
				DEBUG_INFORMATION_FORMAT = dwarf;
				ENABLE_STRICT_OBJC_MSGSEND = YES;
				ENABLE_TESTABILITY = YES;
				ENABLE_USER_SCRIPT_SANDBOXING = YES;
				GCC_C_LANGUAGE_STANDARD = gnu17;
				GCC_DYNAMIC_NO_PIC = NO;
				GCC_NO_COMMON_BLOCKS = YES;
				GCC_OPTIMIZATION_LEVEL = 0;
				GCC_PREPROCESSOR_DEFINITIONS = (
					"DEBUG=1",
					"$(inherited)",
				);
				GCC_WARN_64_TO_32_BIT_CONVERSION = YES;
				GCC_WARN_ABOUT_RETURN_TYPE = YES_ERROR;
				GCC_WARN_UNDECLARED_SELECTOR = YES;
				GCC_WARN_UNINITIALIZED_AUTOS = YES_AGGRESSIVE;
				GCC_WARN_UNUSED_FUNCTION = YES;
				GCC_WARN_UNUSED_VARIABLE = YES;
				IPHONEOS_DEPLOYMENT_TARGET = 17.0;
				LOCALIZATION_PREFERS_STRING_CATALOGS = YES;
				MTL_ENABLE_DEBUG_INFO = INCLUDE_SOURCE;
				MTL_FAST_MATH = YES;
				ONLY_ACTIVE_ARCH = YES;
				SDKROOT = iphoneos;
				SWIFT_ACTIVE_COMPILATION_CONDITIONS = "DEBUG $(inherited)";
				SWIFT_OPTIMIZATION_LEVEL = "-Onone";
			};
			name = Debug;
		};
		028FA3972AFF2A89009CDA1D /* Release */ = {
			isa = XCBuildConfiguration;
			buildSettings = {
				ALWAYS_SEARCH_USER_PATHS = NO;
				ASSETCATALOG_COMPILER_GENERATE_SWIFT_ASSET_SYMBOL_EXTENSIONS = YES;
				CLANG_ANALYZER_NONNULL = YES;
				CLANG_ANALYZER_NUMBER_OBJECT_CONVERSION = YES_AGGRESSIVE;
				CLANG_CXX_LANGUAGE_STANDARD = "gnu++20";
				CLANG_ENABLE_MODULES = YES;
				CLANG_ENABLE_OBJC_ARC = YES;
				CLANG_ENABLE_OBJC_WEAK = YES;
				CLANG_WARN_BLOCK_CAPTURE_AUTORELEASING = YES;
				CLANG_WARN_BOOL_CONVERSION = YES;
				CLANG_WARN_COMMA = YES;
				CLANG_WARN_CONSTANT_CONVERSION = YES;
				CLANG_WARN_DEPRECATED_OBJC_IMPLEMENTATIONS = YES;
				CLANG_WARN_DIRECT_OBJC_ISA_USAGE = YES_ERROR;
				CLANG_WARN_DOCUMENTATION_COMMENTS = YES;
				CLANG_WARN_EMPTY_BODY = YES;
				CLANG_WARN_ENUM_CONVERSION = YES;
				CLANG_WARN_INFINITE_RECURSION = YES;
				CLANG_WARN_INT_CONVERSION = YES;
				CLANG_WARN_NON_LITERAL_NULL_CONVERSION = YES;
				CLANG_WARN_OBJC_IMPLICIT_RETAIN_SELF = YES;
				CLANG_WARN_OBJC_LITERAL_CONVERSION = YES;
				CLANG_WARN_OBJC_ROOT_CLASS = YES_ERROR;
				CLANG_WARN_QUOTED_INCLUDE_IN_FRAMEWORK_HEADER = YES;
				CLANG_WARN_RANGE_LOOP_ANALYSIS = YES;
				CLANG_WARN_STRICT_PROTOTYPES = YES;
				CLANG_WARN_SUSPICIOUS_MOVE = YES;
				CLANG_WARN_UNGUARDED_AVAILABILITY = YES_AGGRESSIVE;
				CLANG_WARN_UNREACHABLE_CODE = YES;
				CLANG_WARN__DUPLICATE_METHOD_MATCH = YES;
				COPY_PHASE_STRIP = NO;
				DEBUG_INFORMATION_FORMAT = "dwarf-with-dsym";
				ENABLE_NS_ASSERTIONS = NO;
				ENABLE_STRICT_OBJC_MSGSEND = YES;
				ENABLE_USER_SCRIPT_SANDBOXING = YES;
				GCC_C_LANGUAGE_STANDARD = gnu17;
				GCC_NO_COMMON_BLOCKS = YES;
				GCC_WARN_64_TO_32_BIT_CONVERSION = YES;
				GCC_WARN_ABOUT_RETURN_TYPE = YES_ERROR;
				GCC_WARN_UNDECLARED_SELECTOR = YES;
				GCC_WARN_UNINITIALIZED_AUTOS = YES_AGGRESSIVE;
				GCC_WARN_UNUSED_FUNCTION = YES;
				GCC_WARN_UNUSED_VARIABLE = YES;
				IPHONEOS_DEPLOYMENT_TARGET = 17.0;
				LOCALIZATION_PREFERS_STRING_CATALOGS = YES;
				MTL_ENABLE_DEBUG_INFO = NO;
				MTL_FAST_MATH = YES;
				SDKROOT = iphoneos;
				SWIFT_COMPILATION_MODE = wholemodule;
				VALIDATE_PRODUCT = YES;
			};
			name = Release;
		};
		028FA3992AFF2A89009CDA1D /* Debug */ = {
			isa = XCBuildConfiguration;
			buildSettings = {
				ASSETCATALOG_COMPILER_APPICON_NAME = AppIcon;
				ASSETCATALOG_COMPILER_GLOBAL_ACCENT_COLOR_NAME = AccentColor;
				CODE_SIGN_STYLE = Automatic;
				CURRENT_PROJECT_VERSION = 1;
				DEVELOPMENT_ASSET_PATHS = "\"Fashion/Preview Content\"";
				DEVELOPMENT_TEAM = 6MCTM986U8;
				ENABLE_PREVIEWS = YES;
				GENERATE_INFOPLIST_FILE = YES;
				INFOPLIST_KEY_UIApplicationSceneManifest_Generation = YES;
				INFOPLIST_KEY_UIApplicationSupportsIndirectInputEvents = YES;
				INFOPLIST_KEY_UILaunchScreen_Generation = YES;
				INFOPLIST_KEY_UISupportedInterfaceOrientations_iPad = "UIInterfaceOrientationPortrait UIInterfaceOrientationPortraitUpsideDown UIInterfaceOrientationLandscapeLeft UIInterfaceOrientationLandscapeRight";
				INFOPLIST_KEY_UISupportedInterfaceOrientations_iPhone = "UIInterfaceOrientationPortrait UIInterfaceOrientationLandscapeLeft UIInterfaceOrientationLandscapeRight";
				LD_RUNPATH_SEARCH_PATHS = (
					"$(inherited)",
					"@executable_path/Frameworks",
				);
				MARKETING_VERSION = 1.0;
				PRODUCT_BUNDLE_IDENTIFIER = tiisde.Fashion;
				PRODUCT_NAME = "$(TARGET_NAME)";
				SWIFT_EMIT_LOC_STRINGS = YES;
				SWIFT_VERSION = 5.0;
				TARGETED_DEVICE_FAMILY = "1,2";
			};
			name = Debug;
		};
		028FA39A2AFF2A89009CDA1D /* Release */ = {
			isa = XCBuildConfiguration;
			buildSettings = {
				ASSETCATALOG_COMPILER_APPICON_NAME = AppIcon;
				ASSETCATALOG_COMPILER_GLOBAL_ACCENT_COLOR_NAME = AccentColor;
				CODE_SIGN_STYLE = Automatic;
				CURRENT_PROJECT_VERSION = 1;
				DEVELOPMENT_ASSET_PATHS = "\"Fashion/Preview Content\"";
				DEVELOPMENT_TEAM = 6MCTM986U8;
				ENABLE_PREVIEWS = YES;
				GENERATE_INFOPLIST_FILE = YES;
				INFOPLIST_KEY_UIApplicationSceneManifest_Generation = YES;
				INFOPLIST_KEY_UIApplicationSupportsIndirectInputEvents = YES;
				INFOPLIST_KEY_UILaunchScreen_Generation = YES;
				INFOPLIST_KEY_UISupportedInterfaceOrientations_iPad = "UIInterfaceOrientationPortrait UIInterfaceOrientationPortraitUpsideDown UIInterfaceOrientationLandscapeLeft UIInterfaceOrientationLandscapeRight";
				INFOPLIST_KEY_UISupportedInterfaceOrientations_iPhone = "UIInterfaceOrientationPortrait UIInterfaceOrientationLandscapeLeft UIInterfaceOrientationLandscapeRight";
				LD_RUNPATH_SEARCH_PATHS = (
					"$(inherited)",
					"@executable_path/Frameworks",
				);
				MARKETING_VERSION = 1.0;
				PRODUCT_BUNDLE_IDENTIFIER = tiisde.Fashion;
				PRODUCT_NAME = "$(TARGET_NAME)";
				SWIFT_EMIT_LOC_STRINGS = YES;
				SWIFT_VERSION = 5.0;
				TARGETED_DEVICE_FAMILY = "1,2";
			};
			name = Release;
		};
		028FA39C2AFF2A89009CDA1D /* Debug */ = {
			isa = XCBuildConfiguration;
			buildSettings = {
				ALWAYS_EMBED_SWIFT_STANDARD_LIBRARIES = YES;
				BUNDLE_LOADER = "$(TEST_HOST)";
				CODE_SIGN_STYLE = Automatic;
				CURRENT_PROJECT_VERSION = 1;
				DEVELOPMENT_TEAM = 6MCTM986U8;
				GENERATE_INFOPLIST_FILE = YES;
				IPHONEOS_DEPLOYMENT_TARGET = 17.0;
				MARKETING_VERSION = 1.0;
				PRODUCT_BUNDLE_IDENTIFIER = tiisde.FashionTests;
				PRODUCT_NAME = "$(TARGET_NAME)";
				SWIFT_EMIT_LOC_STRINGS = NO;
				SWIFT_VERSION = 5.0;
				TARGETED_DEVICE_FAMILY = "1,2";
				TEST_HOST = "$(BUILT_PRODUCTS_DIR)/Fashion.app/$(BUNDLE_EXECUTABLE_FOLDER_PATH)/Fashion";
			};
			name = Debug;
		};
		028FA39D2AFF2A89009CDA1D /* Release */ = {
			isa = XCBuildConfiguration;
			buildSettings = {
				ALWAYS_EMBED_SWIFT_STANDARD_LIBRARIES = YES;
				BUNDLE_LOADER = "$(TEST_HOST)";
				CODE_SIGN_STYLE = Automatic;
				CURRENT_PROJECT_VERSION = 1;
				DEVELOPMENT_TEAM = 6MCTM986U8;
				GENERATE_INFOPLIST_FILE = YES;
				IPHONEOS_DEPLOYMENT_TARGET = 17.0;
				MARKETING_VERSION = 1.0;
				PRODUCT_BUNDLE_IDENTIFIER = tiisde.FashionTests;
				PRODUCT_NAME = "$(TARGET_NAME)";
				SWIFT_EMIT_LOC_STRINGS = NO;
				SWIFT_VERSION = 5.0;
				TARGETED_DEVICE_FAMILY = "1,2";
				TEST_HOST = "$(BUILT_PRODUCTS_DIR)/Fashion.app/$(BUNDLE_EXECUTABLE_FOLDER_PATH)/Fashion";
			};
			name = Release;
		};
		028FA39F2AFF2A89009CDA1D /* Debug */ = {
			isa = XCBuildConfiguration;
			buildSettings = {
				ALWAYS_EMBED_SWIFT_STANDARD_LIBRARIES = YES;
				CODE_SIGN_STYLE = Automatic;
				CURRENT_PROJECT_VERSION = 1;
				DEVELOPMENT_TEAM = 6MCTM986U8;
				GENERATE_INFOPLIST_FILE = YES;
				MARKETING_VERSION = 1.0;
				PRODUCT_BUNDLE_IDENTIFIER = tiisde.FashionUITests;
				PRODUCT_NAME = "$(TARGET_NAME)";
				SWIFT_EMIT_LOC_STRINGS = NO;
				SWIFT_VERSION = 5.0;
				TARGETED_DEVICE_FAMILY = "1,2";
				TEST_TARGET_NAME = Fashion;
			};
			name = Debug;
		};
		028FA3A02AFF2A89009CDA1D /* Release */ = {
			isa = XCBuildConfiguration;
			buildSettings = {
				ALWAYS_EMBED_SWIFT_STANDARD_LIBRARIES = YES;
				CODE_SIGN_STYLE = Automatic;
				CURRENT_PROJECT_VERSION = 1;
				DEVELOPMENT_TEAM = 6MCTM986U8;
				GENERATE_INFOPLIST_FILE = YES;
				MARKETING_VERSION = 1.0;
				PRODUCT_BUNDLE_IDENTIFIER = tiisde.FashionUITests;
				PRODUCT_NAME = "$(TARGET_NAME)";
				SWIFT_EMIT_LOC_STRINGS = NO;
				SWIFT_VERSION = 5.0;
				TARGETED_DEVICE_FAMILY = "1,2";
				TEST_TARGET_NAME = Fashion;
			};
			name = Release;
		};
/* End XCBuildConfiguration section */

/* Begin XCConfigurationList section */
		028FA36D2AFF2A87009CDA1D /* Build configuration list for PBXProject "Fashion" */ = {
			isa = XCConfigurationList;
			buildConfigurations = (
				028FA3962AFF2A89009CDA1D /* Debug */,
				028FA3972AFF2A89009CDA1D /* Release */,
			);
			defaultConfigurationIsVisible = 0;
			defaultConfigurationName = Release;
		};
		028FA3982AFF2A89009CDA1D /* Build configuration list for PBXNativeTarget "Fashion" */ = {
			isa = XCConfigurationList;
			buildConfigurations = (
				028FA3992AFF2A89009CDA1D /* Debug */,
				028FA39A2AFF2A89009CDA1D /* Release */,
			);
			defaultConfigurationIsVisible = 0;
			defaultConfigurationName = Release;
		};
		028FA39B2AFF2A89009CDA1D /* Build configuration list for PBXNativeTarget "FashionTests" */ = {
			isa = XCConfigurationList;
			buildConfigurations = (
				028FA39C2AFF2A89009CDA1D /* Debug */,
				028FA39D2AFF2A89009CDA1D /* Release */,
			);
			defaultConfigurationIsVisible = 0;
			defaultConfigurationName = Release;
		};
		028FA39E2AFF2A89009CDA1D /* Build configuration list for PBXNativeTarget "FashionUITests" */ = {
			isa = XCConfigurationList;
			buildConfigurations = (
				028FA39F2AFF2A89009CDA1D /* Debug */,
				028FA3A02AFF2A89009CDA1D /* Release */,
			);
			defaultConfigurationIsVisible = 0;
			defaultConfigurationName = Release;
		};
/* End XCConfigurationList section */
	};
	rootObject = 028FA36A2AFF2A87009CDA1D /* Project object */;
}
